schema: '2.0'
stages:
  procesar_clima:
    cmd: python scripts/procesar_clima.py
    deps:
    - path: data/raw/clima/senamhi/senamhi_raw_SE01_13_2026.csv
      hash: md5
      md5: c0458753e42c23b95ffb85d162383947
      size: 2878876
    - path: scripts/procesar_clima.py
      hash: md5
      md5: 3d1c793552777f29ea5a72864454c791
      size: 15223
    outs:
    - path: data/processed/clima_diario.csv
      hash: md5
      md5: 2ea859b8da3a4fe5869f79de9d33ec56
      size: 35287
    - path: data/processed/clima_semanal.csv
      hash: md5
      md5: 3f11ac75d103a276bb08e11eb0de2f65
      size: 4574
    - path: data/processed/control_calidad_clima.csv
      hash: md5
      md5: 78c6f56b36142b2a564de6b00f7a3db3
      size: 2973724
  limpieza_datos:
    cmd: python scripts/limpieza_datos.py
    deps:
    - path: data/processed/clima_diario.csv
      hash: md5
      md5: 2ea859b8da3a4fe5869f79de9d33ec56
      size: 35287
    - path: data/raw/epidemiologia
      hash: md5
      md5: 385a7f2097d3da522b13b68124b66738.dir
      size: 14313
      nfiles: 3
    - path: scripts/limpieza_datos.py
      hash: md5
      md5: 29cf911424b6ace6b2aab3835127bacb
      size: 24341
    outs:
    - path: data/processed/clima_diario_imputado.csv
      hash: md5
      md5: 0bfd0eeda9334e53df1e3cb7509f908d
      size: 68485
    - path: data/processed/clima_semanal_calidad.csv
      hash: md5
      md5: 30519f63708269b1f80454105e5d4ed1
      size: 4512
    - path: data/processed/dengue_municipal_validado.csv
      hash: md5
      md5: d819dadcccd4c09bccd1971c242807bb
      size: 8802
    - path: data/processed/dengue_semanal_validado.csv
      hash: md5
      md5: 2cd8344aba5a33248173822d1ca6b512
      size: 3271
    - path: data/processed/malaria_municipal_validado.csv
      hash: md5
      md5: 78e7100a1e6507d90d763a6e54236509
      size: 6403
    - path: data/processed/resumen_calidad_pipeline.json
      hash: md5
      md5: db91039e1b8e2d0508319ef59f949cd9
      size: 1778
    - path: data/processed/resumen_calidad_pipeline.md
      hash: md5
      md5: 25d958ab23584f25e082e82d23182053
      size: 1770
  integrar_datos:
    cmd: python scripts/integrar_datos.py
    deps:
    - path: data/processed/clima_semanal.csv
      hash: md5
      md5: 3f11ac75d103a276bb08e11eb0de2f65
      size: 4574
    - path: data/raw/epidemiologia
      hash: md5
      md5: 385a7f2097d3da522b13b68124b66738.dir
      size: 14313
      nfiles: 3
    - path: scripts/integrar_datos.py
      hash: md5
      md5: 1659b7c35f8b833a7f2a6dee3a3a4545
      size: 17562
    outs:
    - path: data/processed/dataset_integrado_municipal.csv
      hash: md5
      md5: 5ddd5d0a6f3fb35d3ea02aa44f41efff
      size: 2394
  eda_integrado:
    cmd: python scripts/eda_integrado.py
    deps:
    - path: data/processed/dataset_integrado_municipal.csv
      hash: md5
      md5: 5ddd5d0a6f3fb35d3ea02aa44f41efff
      size: 2394
    - path: scripts/eda_integrado.py
      hash: md5
      md5: 3d32bd97c878eeedfadfac852999148b
      size: 42093
